// !$*UTF8*$!
{
	archiveVersion = 1;
	classes = {
	};
	objectVersion = 46;
	objects = {

/* Begin PBXBuildFile section */
		792AC96218EACB280079193B /* Foundation.framework in Frameworks */ = {isa = PBXBuildFile; fileRef = 792AC96118EACB280079193B /* Foundation.framework */; };
		792AC96418EACB280079193B /* CoreGraphics.framework in Frameworks */ = {isa = PBXBuildFile; fileRef = 792AC96318EACB280079193B /* CoreGraphics.framework */; };
		792AC96618EACB280079193B /* UIKit.framework in Frameworks */ = {isa = PBXBuildFile; fileRef = 792AC96518EACB280079193B /* UIKit.framework */; };
		792AC96C18EACB280079193B /* InfoPlist.strings in Resources */ = {isa = PBXBuildFile; fileRef = 792AC96A18EACB280079193B /* InfoPlist.strings */; };
		792AC96E18EACB280079193B /* main.m in Sources */ = {isa = PBXBuildFile; fileRef = 792AC96D18EACB280079193B /* main.m */; };
		792AC97218EACB280079193B /* ZAppDelegate.m in Sources */ = {isa = PBXBuildFile; fileRef = 792AC97118EACB280079193B /* ZAppDelegate.m */; };
		792AC97518EACB280079193B /* Main.storyboard in Resources */ = {isa = PBXBuildFile; fileRef = 792AC97318EACB280079193B /* Main.storyboard */; };
		792AC97818EACB280079193B /* ZViewController.m in Sources */ = {isa = PBXBuildFile; fileRef = 792AC97718EACB280079193B /* ZViewController.m */; };
		792AC97A18EACB280079193B /* Images.xcassets in Resources */ = {isa = PBXBuildFile; fileRef = 792AC97918EACB280079193B /* Images.xcassets */; };
		792AC98118EACB280079193B /* XCTest.framework in Frameworks */ = {isa = PBXBuildFile; fileRef = 792AC98018EACB280079193B /* XCTest.framework */; };
		792AC98218EACB280079193B /* Foundation.framework in Frameworks */ = {isa = PBXBuildFile; fileRef = 792AC96118EACB280079193B /* Foundation.framework */; };
		792AC98318EACB280079193B /* UIKit.framework in Frameworks */ = {isa = PBXBuildFile; fileRef = 792AC96518EACB280079193B /* UIKit.framework */; };
		792AC98B18EACB280079193B /* InfoPlist.strings in Resources */ = {isa = PBXBuildFile; fileRef = 792AC98918EACB280079193B /* InfoPlist.strings */; };
		792AC98D18EACB280079193B /* ZSimpleFormTests.m in Sources */ = {isa = PBXBuildFile; fileRef = 792AC98C18EACB280079193B /* ZSimpleFormTests.m */; };
/* End PBXBuildFile section */

/* Begin PBXContainerItemProxy section */
		792AC98418EACB280079193B /* PBXContainerItemProxy */ = {
			isa = PBXContainerItemProxy;
			containerPortal = 792AC95618EACB280079193B /* Project object */;
			proxyType = 1;
			remoteGlobalIDString = 792AC95D18EACB280079193B;
			remoteInfo = ZSimpleForm;
		};
/* End PBXContainerItemProxy section */

/* Begin PBXFileReference section */
		792AC95E18EACB280079193B /* ZSimpleForm.app */ = {isa = PBXFileReference; explicitFileType = wrapper.application; includeInIndex = 0; path = ZSimpleForm.app; sourceTree = BUILT_PRODUCTS_DIR; };
		792AC96118EACB280079193B /* Foundation.framework */ = {isa = PBXFileReference; lastKnownFileType = wrapper.framework; name = Foundation.framework; path = System/Library/Frameworks/Foundation.framework; sourceTree = SDKROOT; };
		792AC96318EACB280079193B /* CoreGraphics.framework */ = {isa = PBXFileReference; lastKnownFileType = wrapper.framework; name = CoreGraphics.framework; path = System/Library/Frameworks/CoreGraphics.framework; sourceTree = SDKROOT; };
		792AC96518EACB280079193B /* UIKit.framework */ = {isa = PBXFileReference; lastKnownFileType = wrapper.framework; name = UIKit.framework; path = System/Library/Frameworks/UIKit.framework; sourceTree = SDKROOT; };
		792AC96918EACB280079193B /* ZSimpleForm-Info.plist */ = {isa = PBXFileReference; lastKnownFileType = text.plist.xml; path = "ZSimpleForm-Info.plist"; sourceTree = "<group>"; };
		792AC96B18EACB280079193B /* en */ = {isa = PBXFileReference; lastKnownFileType = text.plist.strings; name = en; path = en.lproj/InfoPlist.strings; sourceTree = "<group>"; };
		792AC96D18EACB280079193B /* main.m */ = {isa = PBXFileReference; lastKnownFileType = sourcecode.c.objc; path = main.m; sourceTree = "<group>"; };
		792AC96F18EACB280079193B /* ZSimpleForm-Prefix.pch */ = {isa = PBXFileReference; lastKnownFileType = sourcecode.c.h; path = "ZSimpleForm-Prefix.pch"; sourceTree = "<group>"; };
		792AC97018EACB280079193B /* ZAppDelegate.h */ = {isa = PBXFileReference; lastKnownFileType = sourcecode.c.h; path = ZAppDelegate.h; sourceTree = "<group>"; };
		792AC97118EACB280079193B /* ZAppDelegate.m */ = {isa = PBXFileReference; lastKnownFileType = sourcecode.c.objc; path = ZAppDelegate.m; sourceTree = "<group>"; };
		792AC97418EACB280079193B /* Base */ = {isa = PBXFileReference; lastKnownFileType = file.storyboard; name = Base; path = Base.lproj/Main.storyboard; sourceTree = "<group>"; };
		792AC97618EACB280079193B /* ZViewController.h */ = {isa = PBXFileReference; lastKnownFileType = sourcecode.c.h; path = ZViewController.h; sourceTree = "<group>"; };
		792AC97718EACB280079193B /* ZViewController.m */ = {isa = PBXFileReference; lastKnownFileType = sourcecode.c.objc; path = ZViewController.m; sourceTree = "<group>"; };
		792AC97918EACB280079193B /* Images.xcassets */ = {isa = PBXFileReference; lastKnownFileType = folder.assetcatalog; path = Images.xcassets; sourceTree = "<group>"; };
		792AC97F18EACB280079193B /* ZSimpleFormTests.xctest */ = {isa = PBXFileReference; explicitFileType = wrapper.cfbundle; includeInIndex = 0; path = ZSimpleFormTests.xctest; sourceTree = BUILT_PRODUCTS_DIR; };
		792AC98018EACB280079193B /* XCTest.framework */ = {isa = PBXFileReference; lastKnownFileType = wrapper.framework; name = XCTest.framework; path = Library/Frameworks/XCTest.framework; sourceTree = DEVELOPER_DIR; };
		792AC98818EACB280079193B /* ZSimpleFormTests-Info.plist */ = {isa = PBXFileReference; lastKnownFileType = text.plist.xml; path = "ZSimpleFormTests-Info.plist"; sourceTree = "<group>"; };
		792AC98A18EACB280079193B /* en */ = {isa = PBXFileReference; lastKnownFileType = text.plist.strings; name = en; path = en.lproj/InfoPlist.strings; sourceTree = "<group>"; };
		792AC98C18EACB280079193B /* ZSimpleFormTests.m */ = {isa = PBXFileReference; lastKnownFileType = sourcecode.c.objc; path = ZSimpleFormTests.m; sourceTree = "<group>"; };
/* End PBXFileReference section */

/* Begin PBXFrameworksBuildPhase section */
		792AC95B18EACB280079193B /* Frameworks */ = {
			isa = PBXFrameworksBuildPhase;
			buildActionMask = 2147483647;
			files = (
				792AC96418EACB280079193B /* CoreGraphics.framework in Frameworks */,
				792AC96618EACB280079193B /* UIKit.framework in Frameworks */,
				792AC96218EACB280079193B /* Foundation.framework in Frameworks */,
			);
			runOnlyForDeploymentPostprocessing = 0;
		};
		792AC97C18EACB280079193B /* Frameworks */ = {
			isa = PBXFrameworksBuildPhase;
			buildActionMask = 2147483647;
			files = (
				792AC98118EACB280079193B /* XCTest.framework in Frameworks */,
				792AC98318EACB280079193B /* UIKit.framework in Frameworks */,
				792AC98218EACB280079193B /* Foundation.framework in Frameworks */,
			);
			runOnlyForDeploymentPostprocessing = 0;
		};
/* End PBXFrameworksBuildPhase section */

/* Begin PBXGroup section */
		792AC95518EACB280079193B = {
			isa = PBXGroup;
			children = (
				792AC96718EACB280079193B /* ZSimpleForm */,
				792AC98618EACB280079193B /* ZSimpleFormTests */,
				792AC96018EACB280079193B /* Frameworks */,
				792AC95F18EACB280079193B /* Products */,
			);
			sourceTree = "<group>";
		};
		792AC95F18EACB280079193B /* Products */ = {
			isa = PBXGroup;
			children = (
				792AC95E18EACB280079193B /* ZSimpleForm.app */,
				792AC97F18EACB280079193B /* ZSimpleFormTests.xctest */,
			);
			name = Products;
			sourceTree = "<group>";
		};
		792AC96018EACB280079193B /* Frameworks */ = {
			isa = PBXGroup;
			children = (
				792AC96118EACB280079193B /* Foundation.framework */,
				792AC96318EACB280079193B /* CoreGraphics.framework */,
				792AC96518EACB280079193B /* UIKit.framework */,
				792AC98018EACB280079193B /* XCTest.framework */,
			);
			name = Frameworks;
			sourceTree = "<group>";
		};
		792AC96718EACB280079193B /* ZSimpleForm */ = {
			isa = PBXGroup;
			children = (
				792AC97018EACB280079193B /* ZAppDelegate.h */,
				792AC97118EACB280079193B /* ZAppDelegate.m */,
				792AC97318EACB280079193B /* Main.storyboard */,
				792AC97618EACB280079193B /* ZViewController.h */,
				792AC97718EACB280079193B /* ZViewController.m */,
				792AC97918EACB280079193B /* Images.xcassets */,
				792AC96818EACB280079193B /* Supporting Files */,
			);
			path = ZSimpleForm;
			sourceTree = "<group>";
		};
		792AC96818EACB280079193B /* Supporting Files */ = {
			isa = PBXGroup;
			children = (
				792AC96918EACB280079193B /* ZSimpleForm-Info.plist */,
				792AC96A18EACB280079193B /* InfoPlist.strings */,
				792AC96D18EACB280079193B /* main.m */,
				792AC96F18EACB280079193B /* ZSimpleForm-Prefix.pch */,
			);
			name = "Supporting Files";
			sourceTree = "<group>";
		};
		792AC98618EACB280079193B /* ZSimpleFormTests */ = {
			isa = PBXGroup;
			children = (
				792AC98C18EACB280079193B /* ZSimpleFormTests.m */,
				792AC98718EACB280079193B /* Supporting Files */,
			);
			path = ZSimpleFormTests;
			sourceTree = "<group>";
		};
		792AC98718EACB280079193B /* Supporting Files */ = {
			isa = PBXGroup;
			children = (
				792AC98818EACB280079193B /* ZSimpleFormTests-Info.plist */,
				792AC98918EACB280079193B /* InfoPlist.strings */,
			);
			name = "Supporting Files";
			sourceTree = "<group>";
		};
/* End PBXGroup section */

/* Begin PBXNativeTarget section */
		792AC95D18EACB280079193B /* ZSimpleForm */ = {
			isa = PBXNativeTarget;
			buildConfigurationList = 792AC99018EACB280079193B /* Build configuration list for PBXNativeTarget "ZSimpleForm" */;
			buildPhases = (
				792AC95A18EACB280079193B /* Sources */,
				792AC95B18EACB280079193B /* Frameworks */,
				792AC95C18EACB280079193B /* Resources */,
			);
			buildRules = (
			);
			dependencies = (
			);
			name = ZSimpleForm;
			productName = ZSimpleForm;
			productReference = 792AC95E18EACB280079193B /* ZSimpleForm.app */;
			productType = "com.apple.product-type.application";
		};
		792AC97E18EACB280079193B /* ZSimpleFormTests */ = {
			isa = PBXNativeTarget;
			buildConfigurationList = 792AC99318EACB280079193B /* Build configuration list for PBXNativeTarget "ZSimpleFormTests" */;
			buildPhases = (
				792AC97B18EACB280079193B /* Sources */,
				792AC97C18EACB280079193B /* Frameworks */,
				792AC97D18EACB280079193B /* Resources */,
			);
			buildRules = (
			);
			dependencies = (
				792AC98518EACB280079193B /* PBXTargetDependency */,
			);
			name = ZSimpleFormTests;
			productName = ZSimpleFormTests;
			productReference = 792AC97F18EACB280079193B /* ZSimpleFormTests.xctest */;
			productType = "com.apple.product-type.bundle.unit-test";
		};
/* End PBXNativeTarget section */

/* Begin PBXProject section */
		792AC95618EACB280079193B /* Project object */ = {
			isa = PBXProject;
			attributes = {
				CLASSPREFIX = Z;
				LastUpgradeCheck = 0510;
				ORGANIZATIONNAME = "Ayal Spitz";
				TargetAttributes = {
					792AC97E18EACB280079193B = {
						TestTargetID = 792AC95D18EACB280079193B;
					};
				};
			};
			buildConfigurationList = 792AC95918EACB280079193B /* Build configuration list for PBXProject "ZSimpleForm" */;
			compatibilityVersion = "Xcode 3.2";
			developmentRegion = English;
			hasScannedForEncodings = 0;
			knownRegions = (
				en,
				Base,
			);
			mainGroup = 792AC95518EACB280079193B;
			productRefGroup = 792AC95F18EACB280079193B /* Products */;
			projectDirPath = "";
			projectRoot = "";
			targets = (
				792AC95D18EACB280079193B /* ZSimpleForm */,
				792AC97E18EACB280079193B /* ZSimpleFormTests */,
			);
		};
/* End PBXProject section */

/* Begin PBXResourcesBuildPhase section */
		792AC95C18EACB280079193B /* Resources */ = {
			isa = PBXResourcesBuildPhase;
			buildActionMask = 2147483647;
			files = (
				792AC97A18EACB280079193B /* Images.xcassets in Resources */,
				792AC96C18EACB280079193B /* InfoPlist.strings in Resources */,
				792AC97518EACB280079193B /* Main.storyboard in Resources */,
			);
			runOnlyForDeploymentPostprocessing = 0;
		};
		792AC97D18EACB280079193B /* Resources */ = {
			isa = PBXResourcesBuildPhase;
			buildActionMask = 2147483647;
			files = (
				792AC98B18EACB280079193B /* InfoPlist.strings in Resources */,
			);
			runOnlyForDeploymentPostprocessing = 0;
		};
/* End PBXResourcesBuildPhase section */

/* Begin PBXSourcesBuildPhase section */
		792AC95A18EACB280079193B /* Sources */ = {
			isa = PBXSourcesBuildPhase;
			buildActionMask = 2147483647;
			files = (
				792AC96E18EACB280079193B /* main.m in Sources */,
				792AC97818EACB280079193B /* ZViewController.m in Sources */,
				792AC97218EACB280079193B /* ZAppDelegate.m in Sources */,
			);
			runOnlyForDeploymentPostprocessing = 0;
		};
		792AC97B18EACB280079193B /* Sources */ = {
			isa = PBXSourcesBuildPhase;
			buildActionMask = 2147483647;
			files = (
				792AC98D18EACB280079193B /* ZSimpleFormTests.m in Sources */,
			);
			runOnlyForDeploymentPostprocessing = 0;
		};
/* End PBXSourcesBuildPhase section */

/* Begin PBXTargetDependency section */
		792AC98518EACB280079193B /* PBXTargetDependency */ = {
			isa = PBXTargetDependency;
			target = 792AC95D18EACB280079193B /* ZSimpleForm */;
			targetProxy = 792AC98418EACB280079193B /* PBXContainerItemProxy */;
		};
/* End PBXTargetDependency section */

/* Begin PBXVariantGroup section */
		792AC96A18EACB280079193B /* InfoPlist.strings */ = {
			isa = PBXVariantGroup;
			children = (
				792AC96B18EACB280079193B /* en */,
			);
			name = InfoPlist.strings;
			sourceTree = "<group>";
		};
		792AC97318EACB280079193B /* Main.storyboard */ = {
			isa = PBXVariantGroup;
			children = (
				792AC97418EACB280079193B /* Base */,
			);
			name = Main.storyboard;
			sourceTree = "<group>";
		};
		792AC98918EACB280079193B /* InfoPlist.strings */ = {
			isa = PBXVariantGroup;
			children = (
				792AC98A18EACB280079193B /* en */,
			);
			name = InfoPlist.strings;
			sourceTree = "<group>";
		};
/* End PBXVariantGroup section */

/* Begin XCBuildConfiguration section */
		792AC98E18EACB280079193B /* Debug */ = {
			isa = XCBuildConfiguration;
			buildSettings = {
				ALWAYS_SEARCH_USER_PATHS = NO;
				CLANG_CXX_LANGUAGE_STANDARD = "gnu++0x";
				CLANG_CXX_LIBRARY = "libc++";
				CLANG_ENABLE_MODULES = YES;
				CLANG_ENABLE_OBJC_ARC = YES;
				CLANG_WARN_BOOL_CONVERSION = YES;
				CLANG_WARN_CONSTANT_CONVERSION = YES;
				CLANG_WARN_DIRECT_OBJC_ISA_USAGE = YES_ERROR;
				CLANG_WARN_EMPTY_BODY = YES;
				CLANG_WARN_ENUM_CONVERSION = YES;
				CLANG_WARN_INT_CONVERSION = YES;
				CLANG_WARN_OBJC_ROOT_CLASS = YES_ERROR;
				CLANG_WARN__DUPLICATE_METHOD_MATCH = YES;
				"CODE_SIGN_IDENTITY[sdk=iphoneos*]" = "iPhone Developer";
				COPY_PHASE_STRIP = NO;
				GCC_C_LANGUAGE_STANDARD = gnu99;
				GCC_DYNAMIC_NO_PIC = NO;
				GCC_OPTIMIZATION_LEVEL = 0;
				GCC_PREPROCESSOR_DEFINITIONS = (
					"DEBUG=1",
					"$(inherited)",
				);
				GCC_SYMBOLS_PRIVATE_EXTERN = NO;
				GCC_WARN_64_TO_32_BIT_CONVERSION = YES;
				GCC_WARN_ABOUT_RETURN_TYPE = YES_ERROR;
				GCC_WARN_UNDECLARED_SELECTOR = YES;
				GCC_WARN_UNINITIALIZED_AUTOS = YES_AGGRESSIVE;
				GCC_WARN_UNUSED_FUNCTION = YES;
				GCC_WARN_UNUSED_VARIABLE = YES;
				IPHONEOS_DEPLOYMENT_TARGET = 7.1;
				ONLY_ACTIVE_ARCH = YES;
				SDKROOT = iphoneos;
			};
			name = Debug;
		};
		792AC98F18EACB280079193B /* Release */ = {
			isa = XCBuildConfiguration;
			buildSettings = {
				ALWAYS_SEARCH_USER_PATHS = NO;
				CLANG_CXX_LANGUAGE_STANDARD = "gnu++0x";
				CLANG_CXX_LIBRARY = "libc++";
				CLANG_ENABLE_MODULES = YES;
				CLANG_ENABLE_OBJC_ARC = YES;
				CLANG_WARN_BOOL_CONVERSION = YES;
				CLANG_WARN_CONSTANT_CONVERSION = YES;
				CLANG_WARN_DIRECT_OBJC_ISA_USAGE = YES_ERROR;
				CLANG_WARN_EMPTY_BODY = YES;
				CLANG_WARN_ENUM_CONVERSION = YES;
				CLANG_WARN_INT_CONVERSION = YES;
				CLANG_WARN_OBJC_ROOT_CLASS = YES_ERROR;
				CLANG_WARN__DUPLICATE_METHOD_MATCH = YES;
				"CODE_SIGN_IDENTITY[sdk=iphoneos*]" = "iPhone Developer";
				COPY_PHASE_STRIP = YES;
				ENABLE_NS_ASSERTIONS = NO;
				GCC_C_LANGUAGE_STANDARD = gnu99;
				GCC_WARN_64_TO_32_BIT_CONVERSION = YES;
				GCC_WARN_ABOUT_RETURN_TYPE = YES_ERROR;
				GCC_WARN_UNDECLARED_SELECTOR = YES;
				GCC_WARN_UNINITIALIZED_AUTOS = YES_AGGRESSIVE;
				GCC_WARN_UNUSED_FUNCTION = YES;
				GCC_WARN_UNUSED_VARIABLE = YES;
				IPHONEOS_DEPLOYMENT_TARGET = 7.1;
				SDKROOT = iphoneos;
				VALIDATE_PRODUCT = YES;
			};
			name = Release;
		};
		792AC99118EACB280079193B /* Debug */ = {
			isa = XCBuildConfiguration;
			buildSettings = {
				ASSETCATALOG_COMPILER_APPICON_NAME = AppIcon;
				ASSETCATALOG_COMPILER_LAUNCHIMAGE_NAME = LaunchImage;
				GCC_PRECOMPILE_PREFIX_HEADER = YES;
				GCC_PREFIX_HEADER = "ZSimpleForm/ZSimpleForm-Prefix.pch";
				INFOPLIST_FILE = "ZSimpleForm/ZSimpleForm-Info.plist";
				PRODUCT_NAME = "$(TARGET_NAME)";
				WRAPPER_EXTENSION = app;
			};
			name = Debug;
		};
		792AC99218EACB280079193B /* Release */ = {
			isa = XCBuildConfiguration;
			buildSettings = {
				ASSETCATALOG_COMPILER_APPICON_NAME = AppIcon;
				ASSETCATALOG_COMPILER_LAUNCHIMAGE_NAME = LaunchImage;
				GCC_PRECOMPILE_PREFIX_HEADER = YES;
				GCC_PREFIX_HEADER = "ZSimpleForm/ZSimpleForm-Prefix.pch";
				INFOPLIST_FILE = "ZSimpleForm/ZSimpleForm-Info.plist";
				PRODUCT_NAME = "$(TARGET_NAME)";
				WRAPPER_EXTENSION = app;
			};
			name = Release;
		};
		792AC99418EACB280079193B /* Debug */ = {
			isa = XCBuildConfiguration;
			buildSettings = {
				BUNDLE_LOADER = "$(BUILT_PRODUCTS_DIR)/ZSimpleForm.app/ZSimpleForm";
				FRAMEWORK_SEARCH_PATHS = (
					"$(SDKROOT)/Developer/Library/Frameworks",
					"$(inherited)",
					"$(DEVELOPER_FRAMEWORKS_DIR)",
				);
				GCC_PRECOMPILE_PREFIX_HEADER = YES;
				GCC_PREFIX_HEADER = "ZSimpleForm/ZSimpleForm-Prefix.pch";
				GCC_PREPROCESSOR_DEFINITIONS = (
					"DEBUG=1",
					"$(inherited)",
				);
				INFOPLIST_FILE = "ZSimpleFormTests/ZSimpleFormTests-Info.plist";
				PRODUCT_NAME = "$(TARGET_NAME)";
				TEST_HOST = "$(BUNDLE_LOADER)";
				WRAPPER_EXTENSION = xctest;
			};
			name = Debug;
		};
		792AC99518EACB280079193B /* Release */ = {
			isa = XCBuildConfiguration;
			buildSettings = {
				BUNDLE_LOADER = "$(BUILT_PRODUCTS_DIR)/ZSimpleForm.app/ZSimpleForm";
				FRAMEWORK_SEARCH_PATHS = (
					"$(SDKROOT)/Developer/Library/Frameworks",
					"$(inherited)",
					"$(DEVELOPER_FRAMEWORKS_DIR)",
				);
				GCC_PRECOMPILE_PREFIX_HEADER = YES;
				GCC_PREFIX_HEADER = "ZSimpleForm/ZSimpleForm-Prefix.pch";
				INFOPLIST_FILE = "ZSimpleFormTests/ZSimpleFormTests-Info.plist";
				PRODUCT_NAME = "$(TARGET_NAME)";
				TEST_HOST = "$(BUNDLE_LOADER)";
				WRAPPER_EXTENSION = xctest;
			};
			name = Release;
		};
/* End XCBuildConfiguration section */

/* Begin XCConfigurationList section */
		792AC95918EACB280079193B /* Build configuration list for PBXProject "ZSimpleForm" */ = {
			isa = XCConfigurationList;
			buildConfigurations = (
				792AC98E18EACB280079193B /* Debug */,
				792AC98F18EACB280079193B /* Release */,
			);
			defaultConfigurationIsVisible = 0;
			defaultConfigurationName = Release;
		};
		792AC99018EACB280079193B /* Build configuration list for PBXNativeTarget "ZSimpleForm" */ = {
			isa = XCConfigurationList;
			buildConfigurations = (
				792AC99118EACB280079193B /* Debug */,
				792AC99218EACB280079193B /* Release */,
			);
			defaultConfigurationIsVisible = 0;
		};
		792AC99318EACB280079193B /* Build configuration list for PBXNativeTarget "ZSimpleFormTests" */ = {
			isa = XCConfigurationList;
			buildConfigurations = (
				792AC99418EACB280079193B /* Debug */,
				792AC99518EACB280079193B /* Release */,
			);
			defaultConfigurationIsVisible = 0;
		};
/* End XCConfigurationList section */
	};
	rootObject = 792AC95618EACB280079193B /* Project object */;
}
